// !$*UTF8*$!
{
	archiveVersion = 1;
	classes = {
	};
	objectVersion = 50;
	objects = {

/* Begin PBXBuildFile section */
		F404A66720D32553004BE0B9 /* AppDelegate.swift in Sources */ = {isa = PBXBuildFile; fileRef = F404A66620D32553004BE0B9 /* AppDelegate.swift */; };
		F404A66920D32553004BE0B9 /* ViewController.swift in Sources */ = {isa = PBXBuildFile; fileRef = F404A66820D32553004BE0B9 /* ViewController.swift */; };
		F404A66C20D32553004BE0B9 /* Main.storyboard in Resources */ = {isa = PBXBuildFile; fileRef = F404A66A20D32553004BE0B9 /* Main.storyboard */; };
		F404A66E20D32556004BE0B9 /* Assets.xcassets in Resources */ = {isa = PBXBuildFile; fileRef = F404A66D20D32556004BE0B9 /* Assets.xcassets */; };
		F404A67120D32556004BE0B9 /* LaunchScreen.storyboard in Resources */ = {isa = PBXBuildFile; fileRef = F404A66F20D32556004BE0B9 /* LaunchScreen.storyboard */; };
		F404A67C20D32556004BE0B9 /* HelloWorldTests.swift in Sources */ = {isa = PBXBuildFile; fileRef = F404A67B20D32556004BE0B9 /* HelloWorldTests.swift */; };
		F404A68720D32556004BE0B9 /* HelloWorldUITests.swift in Sources */ = {isa = PBXBuildFile; fileRef = F404A68620D32556004BE0B9 /* HelloWorldUITests.swift */; };
/* End PBXBuildFile section */

/* Begin PBXContainerItemProxy section */
		F404A67820D32556004BE0B9 /* PBXContainerItemProxy */ = {
			isa = PBXContainerItemProxy;
			containerPortal = F404A65B20D32553004BE0B9 /* Project object */;
			proxyType = 1;
			remoteGlobalIDString = F404A66220D32553004BE0B9;
			remoteInfo = HelloWorld;
		};
		F404A68320D32556004BE0B9 /* PBXContainerItemProxy */ = {
			isa = PBXContainerItemProxy;
			containerPortal = F404A65B20D32553004BE0B9 /* Project object */;
			proxyType = 1;
			remoteGlobalIDString = F404A66220D32553004BE0B9;
			remoteInfo = HelloWorld;
		};
/* End PBXContainerItemProxy section */

/* Begin PBXFileReference section */
		F404A66320D32553004BE0B9 /* HelloWorld.app */ = {isa = PBXFileReference; explicitFileType = wrapper.application; includeInIndex = 0; path = HelloWorld.app; sourceTree = BUILT_PRODUCTS_DIR; };
		F404A66620D32553004BE0B9 /* AppDelegate.swift */ = {isa = PBXFileReference; lastKnownFileType = sourcecode.swift; path = AppDelegate.swift; sourceTree = "<group>"; };
		F404A66820D32553004BE0B9 /* ViewController.swift */ = {isa = PBXFileReference; lastKnownFileType = sourcecode.swift; path = ViewController.swift; sourceTree = "<group>"; };
		F404A66B20D32553004BE0B9 /* Base */ = {isa = PBXFileReference; lastKnownFileType = file.storyboard; name = Base; path = Base.lproj/Main.storyboard; sourceTree = "<group>"; };
		F404A66D20D32556004BE0B9 /* Assets.xcassets */ = {isa = PBXFileReference; lastKnownFileType = folder.assetcatalog; path = Assets.xcassets; sourceTree = "<group>"; };
		F404A67020D32556004BE0B9 /* Base */ = {isa = PBXFileReference; lastKnownFileType = file.storyboard; name = Base; path = Base.lproj/LaunchScreen.storyboard; sourceTree = "<group>"; };
		F404A67220D32556004BE0B9 /* Info.plist */ = {isa = PBXFileReference; lastKnownFileType = text.plist.xml; path = Info.plist; sourceTree = "<group>"; };
		F404A67720D32556004BE0B9 /* HelloWorldTests.xctest */ = {isa = PBXFileReference; explicitFileType = wrapper.cfbundle; includeInIndex = 0; path = HelloWorldTests.xctest; sourceTree = BUILT_PRODUCTS_DIR; };
		F404A67B20D32556004BE0B9 /* HelloWorldTests.swift */ = {isa = PBXFileReference; lastKnownFileType = sourcecode.swift; path = HelloWorldTests.swift; sourceTree = "<group>"; };
		F404A67D20D32556004BE0B9 /* Info.plist */ = {isa = PBXFileReference; lastKnownFileType = text.plist.xml; path = Info.plist; sourceTree = "<group>"; };
		F404A68220D32556004BE0B9 /* HelloWorldUITests.xctest */ = {isa = PBXFileReference; explicitFileType = wrapper.cfbundle; includeInIndex = 0; path = HelloWorldUITests.xctest; sourceTree = BUILT_PRODUCTS_DIR; };
		F404A68620D32556004BE0B9 /* HelloWorldUITests.swift */ = {isa = PBXFileReference; lastKnownFileType = sourcecode.swift; path = HelloWorldUITests.swift; sourceTree = "<group>"; };
		F404A68820D32556004BE0B9 /* Info.plist */ = {isa = PBXFileReference; lastKnownFileType = text.plist.xml; path = Info.plist; sourceTree = "<group>"; };
/* End PBXFileReference section */

/* Begin PBXFrameworksBuildPhase section */
		F404A66020D32553004BE0B9 /* Frameworks */ = {
			isa = PBXFrameworksBuildPhase;
			buildActionMask = 2147483647;
			files = (
			);
			runOnlyForDeploymentPostprocessing = 0;
		};
		F404A67420D32556004BE0B9 /* Frameworks */ = {
			isa = PBXFrameworksBuildPhase;
			buildActionMask = 2147483647;
			files = (
			);
			runOnlyForDeploymentPostprocessing = 0;
		};
		F404A67F20D32556004BE0B9 /* Frameworks */ = {
			isa = PBXFrameworksBuildPhase;
			buildActionMask = 2147483647;
			files = (
			);
			runOnlyForDeploymentPostprocessing = 0;
		};
/* End PBXFrameworksBuildPhase section */

/* Begin PBXGroup section */
		F404A65A20D32553004BE0B9 = {
			isa = PBXGroup;
			children = (
				F404A66520D32553004BE0B9 /* HelloWorld */,
				F404A67A20D32556004BE0B9 /* HelloWorldTests */,
				F404A68520D32556004BE0B9 /* HelloWorldUITests */,
				F404A66420D32553004BE0B9 /* Products */,
			);
			sourceTree = "<group>";
		};
		F404A66420D32553004BE0B9 /* Products */ = {
			isa = PBXGroup;
			children = (
				F404A66320D32553004BE0B9 /* HelloWorld.app */,
				F404A67720D32556004BE0B9 /* HelloWorldTests.xctest */,
				F404A68220D32556004BE0B9 /* HelloWorldUITests.xctest */,
			);
			name = Products;
			sourceTree = "<group>";
		};
		F404A66520D32553004BE0B9 /* HelloWorld */ = {
			isa = PBXGroup;
			children = (
				F404A66620D32553004BE0B9 /* AppDelegate.swift */,
				F404A66820D32553004BE0B9 /* ViewController.swift */,
				F404A66A20D32553004BE0B9 /* Main.storyboard */,
				F404A66D20D32556004BE0B9 /* Assets.xcassets */,
				F404A66F20D32556004BE0B9 /* LaunchScreen.storyboard */,
				F404A67220D32556004BE0B9 /* Info.plist */,
			);
			path = HelloWorld;
			sourceTree = "<group>";
		};
		F404A67A20D32556004BE0B9 /* HelloWorldTests */ = {
			isa = PBXGroup;
			children = (
				F404A67B20D32556004BE0B9 /* HelloWorldTests.swift */,
				F404A67D20D32556004BE0B9 /* Info.plist */,
			);
			path = HelloWorldTests;
			sourceTree = "<group>";
		};
		F404A68520D32556004BE0B9 /* HelloWorldUITests */ = {
			isa = PBXGroup;
			children = (
				F404A68620D32556004BE0B9 /* HelloWorldUITests.swift */,
				F404A68820D32556004BE0B9 /* Info.plist */,
			);
			path = HelloWorldUITests;
			sourceTree = "<group>";
		};
/* End PBXGroup section */

/* Begin PBXNativeTarget section */
		F404A66220D32553004BE0B9 /* HelloWorld */ = {
			isa = PBXNativeTarget;
			buildConfigurationList = F404A68B20D32556004BE0B9 /* Build configuration list for PBXNativeTarget "HelloWorld" */;
			buildPhases = (
				F404A65F20D32553004BE0B9 /* Sources */,
				F404A66020D32553004BE0B9 /* Frameworks */,
				F404A66120D32553004BE0B9 /* Resources */,
			);
			buildRules = (
			);
			dependencies = (
			);
			name = HelloWorld;
			productName = HelloWorld;
			productReference = F404A66320D32553004BE0B9 /* HelloWorld.app */;
			productType = "com.apple.product-type.application";
		};
		F404A67620D32556004BE0B9 /* HelloWorldTests */ = {
			isa = PBXNativeTarget;
			buildConfigurationList = F404A68E20D32556004BE0B9 /* Build configuration list for PBXNativeTarget "HelloWorldTests" */;
			buildPhases = (
				F404A67320D32556004BE0B9 /* Sources */,
				F404A67420D32556004BE0B9 /* Frameworks */,
				F404A67520D32556004BE0B9 /* Resources */,
			);
			buildRules = (
			);
			dependencies = (
				F404A67920D32556004BE0B9 /* PBXTargetDependency */,
			);
			name = HelloWorldTests;
			productName = HelloWorldTests;
			productReference = F404A67720D32556004BE0B9 /* HelloWorldTests.xctest */;
			productType = "com.apple.product-type.bundle.unit-test";
		};
		F404A68120D32556004BE0B9 /* HelloWorldUITests */ = {
			isa = PBXNativeTarget;
			buildConfigurationList = F404A69120D32556004BE0B9 /* Build configuration list for PBXNativeTarget "HelloWorldUITests" */;
			buildPhases = (
				F404A67E20D32556004BE0B9 /* Sources */,
				F404A67F20D32556004BE0B9 /* Frameworks */,
				F404A68020D32556004BE0B9 /* Resources */,
			);
			buildRules = (
			);
			dependencies = (
				F404A68420D32556004BE0B9 /* PBXTargetDependency */,
			);
			name = HelloWorldUITests;
			productName = HelloWorldUITests;
			productReference = F404A68220D32556004BE0B9 /* HelloWorldUITests.xctest */;
			productType = "com.apple.product-type.bundle.ui-testing";
		};
/* End PBXNativeTarget section */

/* Begin PBXProject section */
		F404A65B20D32553004BE0B9 /* Project object */ = {
			isa = PBXProject;
			attributes = {
				LastSwiftUpdateCheck = 0930;
				LastUpgradeCheck = 0930;
				ORGANIZATIONNAME = "Golf Stats";
				TargetAttributes = {
					F404A66220D32553004BE0B9 = {
						CreatedOnToolsVersion = 9.3.1;
					};
					F404A67620D32556004BE0B9 = {
						CreatedOnToolsVersion = 9.3.1;
						TestTargetID = F404A66220D32553004BE0B9;
					};
					F404A68120D32556004BE0B9 = {
						CreatedOnToolsVersion = 9.3.1;
						TestTargetID = F404A66220D32553004BE0B9;
					};
				};
			};
			buildConfigurationList = F404A65E20D32553004BE0B9 /* Build configuration list for PBXProject "HelloWorld" */;
			compatibilityVersion = "Xcode 9.3";
			developmentRegion = en;
			hasScannedForEncodings = 0;
			knownRegions = (
				en,
				Base,
			);
			mainGroup = F404A65A20D32553004BE0B9;
			productRefGroup = F404A66420D32553004BE0B9 /* Products */;
			projectDirPath = "";
			projectRoot = "";
			targets = (
				F404A66220D32553004BE0B9 /* HelloWorld */,
				F404A67620D32556004BE0B9 /* HelloWorldTests */,
				F404A68120D32556004BE0B9 /* HelloWorldUITests */,
			);
		};
/* End PBXProject section */

/* Begin PBXResourcesBuildPhase section */
		F404A66120D32553004BE0B9 /* Resources */ = {
			isa = PBXResourcesBuildPhase;
			buildActionMask = 2147483647;
			files = (
				F404A67120D32556004BE0B9 /* LaunchScreen.storyboard in Resources */,
				F404A66E20D32556004BE0B9 /* Assets.xcassets in Resources */,
				F404A66C20D32553004BE0B9 /* Main.storyboard in Resources */,
			);
			runOnlyForDeploymentPostprocessing = 0;
		};
		F404A67520D32556004BE0B9 /* Resources */ = {
			isa = PBXResourcesBuildPhase;
			buildActionMask = 2147483647;
			files = (
			);
			runOnlyForDeploymentPostprocessing = 0;
		};
		F404A68020D32556004BE0B9 /* Resources */ = {
			isa = PBXResourcesBuildPhase;
			buildActionMask = 2147483647;
			files = (
			);
			runOnlyForDeploymentPostprocessing = 0;
		};
/* End PBXResourcesBuildPhase section */

/* Begin PBXSourcesBuildPhase section */
		F404A65F20D32553004BE0B9 /* Sources */ = {
			isa = PBXSourcesBuildPhase;
			buildActionMask = 2147483647;
			files = (
				F404A66920D32553004BE0B9 /* ViewController.swift in Sources */,
				F404A66720D32553004BE0B9 /* AppDelegate.swift in Sources */,
			);
			runOnlyForDeploymentPostprocessing = 0;
		};
		F404A67320D32556004BE0B9 /* Sources */ = {
			isa = PBXSourcesBuildPhase;
			buildActionMask = 2147483647;
			files = (
				F404A67C20D32556004BE0B9 /* HelloWorldTests.swift in Sources */,
			);
			runOnlyForDeploymentPostprocessing = 0;
		};
		F404A67E20D32556004BE0B9 /* Sources */ = {
			isa = PBXSourcesBuildPhase;
			buildActionMask = 2147483647;
			files = (
				F404A68720D32556004BE0B9 /* HelloWorldUITests.swift in Sources */,
			);
			runOnlyForDeploymentPostprocessing = 0;
		};
/* End PBXSourcesBuildPhase section */

/* Begin PBXTargetDependency section */
		F404A67920D32556004BE0B9 /* PBXTargetDependency */ = {
			isa = PBXTargetDependency;
			target = F404A66220D32553004BE0B9 /* HelloWorld */;
			targetProxy = F404A67820D32556004BE0B9 /* PBXContainerItemProxy */;
		};
		F404A68420D32556004BE0B9 /* PBXTargetDependency */ = {
			isa = PBXTargetDependency;
			target = F404A66220D32553004BE0B9 /* HelloWorld */;
			targetProxy = F404A68320D32556004BE0B9 /* PBXContainerItemProxy */;
		};
/* End PBXTargetDependency section */

/* Begin PBXVariantGroup section */
		F404A66A20D32553004BE0B9 /* Main.storyboard */ = {
			isa = PBXVariantGroup;
			children = (
				F404A66B20D32553004BE0B9 /* Base */,
			);
			name = Main.storyboard;
			sourceTree = "<group>";
		};
		F404A66F20D32556004BE0B9 /* LaunchScreen.storyboard */ = {
			isa = PBXVariantGroup;
			children = (
				F404A67020D32556004BE0B9 /* Base */,
			);
			name = LaunchScreen.storyboard;
			sourceTree = "<group>";
		};
/* End PBXVariantGroup section */

/* Begin XCBuildConfiguration section */
		F404A68920D32556004BE0B9 /* Debug */ = {
			isa = XCBuildConfiguration;
			buildSettings = {
				ALWAYS_SEARCH_USER_PATHS = NO;
				CLANG_ANALYZER_NONNULL = YES;
				CLANG_ANALYZER_NUMBER_OBJECT_CONVERSION = YES_AGGRESSIVE;
				CLANG_CXX_LANGUAGE_STANDARD = "gnu++14";
				CLANG_CXX_LIBRARY = "libc++";
				CLANG_ENABLE_MODULES = YES;
				CLANG_ENABLE_OBJC_ARC = YES;
				CLANG_ENABLE_OBJC_WEAK = YES;
				CLANG_WARN_BLOCK_CAPTURE_AUTORELEASING = YES;
				CLANG_WARN_BOOL_CONVERSION = YES;
				CLANG_WARN_COMMA = YES;
				CLANG_WARN_CONSTANT_CONVERSION = YES;
				CLANG_WARN_DEPRECATED_OBJC_IMPLEMENTATIONS = YES;
				CLANG_WARN_DIRECT_OBJC_ISA_USAGE = YES_ERROR;
				CLANG_WARN_DOCUMENTATION_COMMENTS = YES;
				CLANG_WARN_EMPTY_BODY = YES;
				CLANG_WARN_ENUM_CONVERSION = YES;
				CLANG_WARN_INFINITE_RECURSION = YES;
				CLANG_WARN_INT_CONVERSION = YES;
				CLANG_WARN_NON_LITERAL_NULL_CONVERSION = YES;
				CLANG_WARN_OBJC_IMPLICIT_RETAIN_SELF = YES;
				CLANG_WARN_OBJC_LITERAL_CONVERSION = YES;
				CLANG_WARN_OBJC_ROOT_CLASS = YES_ERROR;
				CLANG_WARN_RANGE_LOOP_ANALYSIS = YES;
				CLANG_WARN_STRICT_PROTOTYPES = YES;
				CLANG_WARN_SUSPICIOUS_MOVE = YES;
				CLANG_WARN_UNGUARDED_AVAILABILITY = YES_AGGRESSIVE;
				CLANG_WARN_UNREACHABLE_CODE = YES;
				CLANG_WARN__DUPLICATE_METHOD_MATCH = YES;
				CODE_SIGN_IDENTITY = "iPhone Developer";
				COPY_PHASE_STRIP = NO;
				DEBUG_INFORMATION_FORMAT = dwarf;
				ENABLE_STRICT_OBJC_MSGSEND = YES;
				ENABLE_TESTABILITY = YES;
				GCC_C_LANGUAGE_STANDARD = gnu11;
				GCC_DYNAMIC_NO_PIC = NO;
				GCC_NO_COMMON_BLOCKS = YES;
				GCC_OPTIMIZATION_LEVEL = 0;
				GCC_PREPROCESSOR_DEFINITIONS = (
					"DEBUG=1",
					"$(inherited)",
				);
				GCC_WARN_64_TO_32_BIT_CONVERSION = YES;
				GCC_WARN_ABOUT_RETURN_TYPE = YES_ERROR;
				GCC_WARN_UNDECLARED_SELECTOR = YES;
				GCC_WARN_UNINITIALIZED_AUTOS = YES_AGGRESSIVE;
				GCC_WARN_UNUSED_FUNCTION = YES;
				GCC_WARN_UNUSED_VARIABLE = YES;
				IPHONEOS_DEPLOYMENT_TARGET = 11.3;
				MTL_ENABLE_DEBUG_INFO = YES;
				ONLY_ACTIVE_ARCH = YES;
				SDKROOT = iphoneos;
				SWIFT_ACTIVE_COMPILATION_CONDITIONS = DEBUG;
				SWIFT_OPTIMIZATION_LEVEL = "-Onone";
			};
			name = Debug;
		};
		F404A68A20D32556004BE0B9 /* Release */ = {
			isa = XCBuildConfiguration;
			buildSettings = {
				ALWAYS_SEARCH_USER_PATHS = NO;
				CLANG_ANALYZER_NONNULL = YES;
				CLANG_ANALYZER_NUMBER_OBJECT_CONVERSION = YES_AGGRESSIVE;
				CLANG_CXX_LANGUAGE_STANDARD = "gnu++14";
				CLANG_CXX_LIBRARY = "libc++";
				CLANG_ENABLE_MODULES = YES;
				CLANG_ENABLE_OBJC_ARC = YES;
				CLANG_ENABLE_OBJC_WEAK = YES;
				CLANG_WARN_BLOCK_CAPTURE_AUTORELEASING = YES;
				CLANG_WARN_BOOL_CONVERSION = YES;
				CLANG_WARN_COMMA = YES;
				CLANG_WARN_CONSTANT_CONVERSION = YES;
				CLANG_WARN_DEPRECATED_OBJC_IMPLEMENTATIONS = YES;
				CLANG_WARN_DIRECT_OBJC_ISA_USAGE = YES_ERROR;
				CLANG_WARN_DOCUMENTATION_COMMENTS = YES;
				CLANG_WARN_EMPTY_BODY = YES;
				CLANG_WARN_ENUM_CONVERSION = YES;
				CLANG_WARN_INFINITE_RECURSION = YES;
				CLANG_WARN_INT_CONVERSION = YES;
				CLANG_WARN_NON_LITERAL_NULL_CONVERSION = YES;
				CLANG_WARN_OBJC_IMPLICIT_RETAIN_SELF = YES;
				CLANG_WARN_OBJC_LITERAL_CONVERSION = YES;
				CLANG_WARN_OBJC_ROOT_CLASS = YES_ERROR;
				CLANG_WARN_RANGE_LOOP_ANALYSIS = YES;
				CLANG_WARN_STRICT_PROTOTYPES = YES;
				CLANG_WARN_SUSPICIOUS_MOVE = YES;
				CLANG_WARN_UNGUARDED_AVAILABILITY = YES_AGGRESSIVE;
				CLANG_WARN_UNREACHABLE_CODE = YES;
				CLANG_WARN__DUPLICATE_METHOD_MATCH = YES;
				CODE_SIGN_IDENTITY = "iPhone Developer";
				COPY_PHASE_STRIP = NO;
				DEBUG_INFORMATION_FORMAT = "dwarf-with-dsym";
				ENABLE_NS_ASSERTIONS = NO;
				ENABLE_STRICT_OBJC_MSGSEND = YES;
				GCC_C_LANGUAGE_STANDARD = gnu11;
				GCC_NO_COMMON_BLOCKS = YES;
				GCC_WARN_64_TO_32_BIT_CONVERSION = YES;
				GCC_WARN_ABOUT_RETURN_TYPE = YES_ERROR;
				GCC_WARN_UNDECLARED_SELECTOR = YES;
				GCC_WARN_UNINITIALIZED_AUTOS = YES_AGGRESSIVE;
				GCC_WARN_UNUSED_FUNCTION = YES;
				GCC_WARN_UNUSED_VARIABLE = YES;
				IPHONEOS_DEPLOYMENT_TARGET = 11.3;
				MTL_ENABLE_DEBUG_INFO = NO;
				SDKROOT = iphoneos;
				SWIFT_COMPILATION_MODE = wholemodule;
				SWIFT_OPTIMIZATION_LEVEL = "-O";
				VALIDATE_PRODUCT = YES;
			};
			name = Release;
		};
		F404A68C20D32556004BE0B9 /* Debug */ = {
			isa = XCBuildConfiguration;
			buildSettings = {
				ASSETCATALOG_COMPILER_APPICON_NAME = AppIcon;
				CODE_SIGN_STYLE = Automatic;
				INFOPLIST_FILE = HelloWorld/Info.plist;
				LD_RUNPATH_SEARCH_PATHS = (
					"$(inherited)",
					"@executable_path/Frameworks",
				);
				PRODUCT_BUNDLE_IDENTIFIER = jp.techacademy.masaki.utsunomiya.HelloWorld;
				PRODUCT_NAME = "$(TARGET_NAME)";
				SWIFT_VERSION = 4.0;
				TARGETED_DEVICE_FAMILY = "1,2";
			};
			name = Debug;
		};
		F404A68D20D32556004BE0B9 /* Release */ = {
			isa = XCBuildConfiguration;
			buildSettings = {
				ASSETCATALOG_COMPILER_APPICON_NAME = AppIcon;
				CODE_SIGN_STYLE = Automatic;
				INFOPLIST_FILE = HelloWorld/Info.plist;
				LD_RUNPATH_SEARCH_PATHS = (
					"$(inherited)",
					"@executable_path/Frameworks",
				);
				PRODUCT_BUNDLE_IDENTIFIER = jp.techacademy.masaki.utsunomiya.HelloWorld;
				PRODUCT_NAME = "$(TARGET_NAME)";
				SWIFT_VERSION = 4.0;
				TARGETED_DEVICE_FAMILY = "1,2";
			};
			name = Release;
		};
		F404A68F20D32556004BE0B9 /* Debug */ = {
			isa = XCBuildConfiguration;
			buildSettings = {
				ALWAYS_EMBED_SWIFT_STANDARD_LIBRARIES = YES;
				BUNDLE_LOADER = "$(TEST_HOST)";
				CODE_SIGN_STYLE = Automatic;
				INFOPLIST_FILE = HelloWorldTests/Info.plist;
				LD_RUNPATH_SEARCH_PATHS = (
					"$(inherited)",
					"@executable_path/Frameworks",
					"@loader_path/Frameworks",
				);
				PRODUCT_BUNDLE_IDENTIFIER = jp.techacademy.masaki.utsunomiya.HelloWorldTests;
				PRODUCT_NAME = "$(TARGET_NAME)";
				SWIFT_VERSION = 4.0;
				TARGETED_DEVICE_FAMILY = "1,2";
				TEST_HOST = "$(BUILT_PRODUCTS_DIR)/HelloWorld.app/HelloWorld";
			};
			name = Debug;
		};
		F404A69020D32556004BE0B9 /* Release */ = {
			isa = XCBuildConfiguration;
			buildSettings = {
				ALWAYS_EMBED_SWIFT_STANDARD_LIBRARIES = YES;
				BUNDLE_LOADER = "$(TEST_HOST)";
				CODE_SIGN_STYLE = Automatic;
				INFOPLIST_FILE = HelloWorldTests/Info.plist;
				LD_RUNPATH_SEARCH_PATHS = (
					"$(inherited)",
					"@executable_path/Frameworks",
					"@loader_path/Frameworks",
				);
				PRODUCT_BUNDLE_IDENTIFIER = jp.techacademy.masaki.utsunomiya.HelloWorldTests;
				PRODUCT_NAME = "$(TARGET_NAME)";
				SWIFT_VERSION = 4.0;
				TARGETED_DEVICE_FAMILY = "1,2";
				TEST_HOST = "$(BUILT_PRODUCTS_DIR)/HelloWorld.app/HelloWorld";
			};
			name = Release;
		};
		F404A69220D32556004BE0B9 /* Debug */ = {
			isa = XCBuildConfiguration;
			buildSettings = {
				ALWAYS_EMBED_SWIFT_STANDARD_LIBRARIES = YES;
				CODE_SIGN_STYLE = Automatic;
				INFOPLIST_FILE = HelloWorldUITests/Info.plist;
				LD_RUNPATH_SEARCH_PATHS = (
					"$(inherited)",
					"@executable_path/Frameworks",
					"@loader_path/Frameworks",
				);
				PRODUCT_BUNDLE_IDENTIFIER = jp.techacademy.masaki.utsunomiya.HelloWorldUITests;
				PRODUCT_NAME = "$(TARGET_NAME)";
				SWIFT_VERSION = 4.0;
				TARGETED_DEVICE_FAMILY = "1,2";
				TEST_TARGET_NAME = HelloWorld;
			};
			name = Debug;
		};
		F404A69320D32556004BE0B9 /* Release */ = {
			isa = XCBuildConfiguration;
			buildSettings = {
				ALWAYS_EMBED_SWIFT_STANDARD_LIBRARIES = YES;
				CODE_SIGN_STYLE = Automatic;
				INFOPLIST_FILE = HelloWorldUITests/Info.plist;
				LD_RUNPATH_SEARCH_PATHS = (
					"$(inherited)",
					"@executable_path/Frameworks",
					"@loader_path/Frameworks",
				);
				PRODUCT_BUNDLE_IDENTIFIER = jp.techacademy.masaki.utsunomiya.HelloWorldUITests;
				PRODUCT_NAME = "$(TARGET_NAME)";
				SWIFT_VERSION = 4.0;
				TARGETED_DEVICE_FAMILY = "1,2";
				TEST_TARGET_NAME = HelloWorld;
			};
			name = Release;
		};
/* End XCBuildConfiguration section */

/* Begin XCConfigurationList section */
		F404A65E20D32553004BE0B9 /* Build configuration list for PBXProject "HelloWorld" */ = {
			isa = XCConfigurationList;
			buildConfigurations = (
				F404A68920D32556004BE0B9 /* Debug */,
				F404A68A20D32556004BE0B9 /* Release */,
			);
			defaultConfigurationIsVisible = 0;
			defaultConfigurationName = Release;
		};
		F404A68B20D32556004BE0B9 /* Build configuration list for PBXNativeTarget "HelloWorld" */ = {
			isa = XCConfigurationList;
			buildConfigurations = (
				F404A68C20D32556004BE0B9 /* Debug */,
				F404A68D20D32556004BE0B9 /* Release */,
			);
			defaultConfigurationIsVisible = 0;
			defaultConfigurationName = Release;
		};
		F404A68E20D32556004BE0B9 /* Build configuration list for PBXNativeTarget "HelloWorldTests" */ = {
			isa = XCConfigurationList;
			buildConfigurations = (
				F404A68F20D32556004BE0B9 /* Debug */,
				F404A69020D32556004BE0B9 /* Release */,
			);
			defaultConfigurationIsVisible = 0;
			defaultConfigurationName = Release;
		};
		F404A69120D32556004BE0B9 /* Build configuration list for PBXNativeTarget "HelloWorldUITests" */ = {
			isa = XCConfigurationList;
			buildConfigurations = (
				F404A69220D32556004BE0B9 /* Debug */,
				F404A69320D32556004BE0B9 /* Release */,
			);
			defaultConfigurationIsVisible = 0;
			defaultConfigurationName = Release;
		};
/* End XCConfigurationList section */
	};
	rootObject = F404A65B20D32553004BE0B9 /* Project object */;
}
